// !$*UTF8*$!
{
	archiveVersion = 1;
	classes = {
	};
	objectVersion = 50;
	objects = {

/* Begin PBXBuildFile section */
		2D07D65920F4E85F00733B11 /* login.json in Resources */ = {isa = PBXBuildFile; fileRef = 2D07D65820F4E85F00733B11 /* login.json */; };
		2D07D65B20F4F37400733B11 /* StubConfig.swift in Sources */ = {isa = PBXBuildFile; fileRef = 2D07D65A20F4F37400733B11 /* StubConfig.swift */; };
		2D07D65E20F5012F00733B11 /* LoginResult.swift in Sources */ = {isa = PBXBuildFile; fileRef = 2D07D65D20F5012F00733B11 /* LoginResult.swift */; };
		2D07D66820F5026200733B11 /* GoodByIdResult.swift in Sources */ = {isa = PBXBuildFile; fileRef = 2D07D66720F5026200733B11 /* GoodByIdResult.swift */; };
		2D07D66A20F5042000733B11 /* logout.json in Resources */ = {isa = PBXBuildFile; fileRef = 2D07D66920F5042000733B11 /* logout.json */; };
		2D07D66C20F504BD00733B11 /* registerUser.json in Resources */ = {isa = PBXBuildFile; fileRef = 2D07D66B20F504BD00733B11 /* registerUser.json */; };
		2D07D66E20F505BD00733B11 /* changeUserData.json in Resources */ = {isa = PBXBuildFile; fileRef = 2D07D66D20F505BD00733B11 /* changeUserData.json */; };
		2D07D67020F5068800733B11 /* RequestsToWorkWithGoodsFactoryMock.swift in Sources */ = {isa = PBXBuildFile; fileRef = 2D07D66F20F5068800733B11 /* RequestsToWorkWithGoodsFactoryMock.swift */; };
		2D07D67520F508F900733B11 /* catalogData.json in Resources */ = {isa = PBXBuildFile; fileRef = 2D07D67420F508F900733B11 /* catalogData.json */; };
		2D07D67720F50A2E00733B11 /* getGoodById.json in Resources */ = {isa = PBXBuildFile; fileRef = 2D07D67620F50A2E00733B11 /* getGoodById.json */; };
		2D1F9DA420EE73C900B26C9F /* ResponseCodable.swift in Sources */ = {isa = PBXBuildFile; fileRef = 2D1F9DA320EE73C900B26C9F /* ResponseCodable.swift */; };
		2D1F9DA720EE79EB00B26C9F /* AbstractRequestFactory.swift in Sources */ = {isa = PBXBuildFile; fileRef = 2D1F9DA620EE79EB00B26C9F /* AbstractRequestFactory.swift */; };
		2D1F9DA920EE7E9A00B26C9F /* RequestRouter.swift in Sources */ = {isa = PBXBuildFile; fileRef = 2D1F9DA820EE7E9A00B26C9F /* RequestRouter.swift */; };
		2D1F9DAB20EE854600B26C9F /* User.swift in Sources */ = {isa = PBXBuildFile; fileRef = 2D1F9DAA20EE854600B26C9F /* User.swift */; };
		2D1F9DB220EE8A9300B26C9F /* Authorization.swift in Sources */ = {isa = PBXBuildFile; fileRef = 2D1F9DB120EE8A9300B26C9F /* Authorization.swift */; };
		2D1F9DB420EE974900B26C9F /* RequestFactory.swift in Sources */ = {isa = PBXBuildFile; fileRef = 2D1F9DB320EE974900B26C9F /* RequestFactory.swift */; };
		2D1F9DB620EEA3CC00B26C9F /* Deauthorization.swift in Sources */ = {isa = PBXBuildFile; fileRef = 2D1F9DB520EEA3CC00B26C9F /* Deauthorization.swift */; };
		2D25FA7820F3A39B00CCE32C /* TakeGoodById.swift in Sources */ = {isa = PBXBuildFile; fileRef = 2D25FA7720F3A39B00CCE32C /* TakeGoodById.swift */; };
		2D25FA7A20F3A40500CCE32C /* TakeCatalogDataOfGoods.swift in Sources */ = {isa = PBXBuildFile; fileRef = 2D25FA7920F3A40500CCE32C /* TakeCatalogDataOfGoods.swift */; };
		2D25FA7C20F3A46300CCE32C /* Good.swift in Sources */ = {isa = PBXBuildFile; fileRef = 2D25FA7B20F3A46300CCE32C /* Good.swift */; };
		2D25FA7E20F4C94000CCE32C /* ResponseCodableTests.swift in Sources */ = {isa = PBXBuildFile; fileRef = 2D25FA7D20F4C94000CCE32C /* ResponseCodableTests.swift */; };
		2D25FA8020F4DD1900CCE32C /* RequestFactoryMock.swift in Sources */ = {isa = PBXBuildFile; fileRef = 2D25FA7F20F4DD1900CCE32C /* RequestFactoryMock.swift */; };
		2D25FA8220F4DD6D00CCE32C /* ErrorLogic.swift in Sources */ = {isa = PBXBuildFile; fileRef = 2D25FA8120F4DD6D00CCE32C /* ErrorLogic.swift */; };
		2D25FA8520F4DF3000CCE32C /* RequestsToPersonalAccountFactoryMock.swift in Sources */ = {isa = PBXBuildFile; fileRef = 2D25FA8420F4DF3000CCE32C /* RequestsToPersonalAccountFactoryMock.swift */; };
		2D317C3920EB5ECC00CCAD72 /* AppDelegate.swift in Sources */ = {isa = PBXBuildFile; fileRef = 2D317C3820EB5ECC00CCAD72 /* AppDelegate.swift */; };
		2D317C4020EB5ECD00CCAD72 /* Assets.xcassets in Resources */ = {isa = PBXBuildFile; fileRef = 2D317C3F20EB5ECD00CCAD72 /* Assets.xcassets */; };
		2D317C4320EB5ECD00CCAD72 /* LaunchScreen.storyboard in Resources */ = {isa = PBXBuildFile; fileRef = 2D317C4120EB5ECD00CCAD72 /* LaunchScreen.storyboard */; };
		2D317C4E20EB5ECD00CCAD72 /* d_fedorinovTests.swift in Sources */ = {isa = PBXBuildFile; fileRef = 2D317C4D20EB5ECD00CCAD72 /* d_fedorinovTests.swift */; };
		2D317C5920EB5ECD00CCAD72 /* d_fedorinovUITests.swift in Sources */ = {isa = PBXBuildFile; fileRef = 2D317C5820EB5ECD00CCAD72 /* d_fedorinovUITests.swift */; };
		2D317C7120EE6EA000CCAD72 /* AbstractErrorParser.swift in Sources */ = {isa = PBXBuildFile; fileRef = 2D317C7020EE6EA000CCAD72 /* AbstractErrorParser.swift */; };
		2D317C7320EE6F8600CCAD72 /* ErrorParser.swift in Sources */ = {isa = PBXBuildFile; fileRef = 2D317C7220EE6F8600CCAD72 /* ErrorParser.swift */; };
		2D48C7FB2106066F00A3D217 /* PersonalCab.storyboard in Resources */ = {isa = PBXBuildFile; fileRef = 2D48C7FA2106066F00A3D217 /* PersonalCab.storyboard */; };
		2D48C800210613C600A3D217 /* LoginController.swift in Sources */ = {isa = PBXBuildFile; fileRef = 2D48C7FF210613C600A3D217 /* LoginController.swift */; };
		2D48C8062106564000A3D217 /* UserdefaultsExtension.swift in Sources */ = {isa = PBXBuildFile; fileRef = 2D48C8052106564000A3D217 /* UserdefaultsExtension.swift */; };
		2D48C80821065DC600A3D217 /* WelcomeViewController.swift in Sources */ = {isa = PBXBuildFile; fileRef = 2D48C80721065DC600A3D217 /* WelcomeViewController.swift */; };
		2D48C80A210666FB00A3D217 /* RegistrationViewController.swift in Sources */ = {isa = PBXBuildFile; fileRef = 2D48C809210666FB00A3D217 /* RegistrationViewController.swift */; };
		2D48C80E21068DAD00A3D217 /* AlertFactory.swift in Sources */ = {isa = PBXBuildFile; fileRef = 2D48C80D21068DAD00A3D217 /* AlertFactory.swift */; };
		2D50899E20FDFA1200BF0234 /* RequsetToProductReview.swift in Sources */ = {isa = PBXBuildFile; fileRef = 2D50899D20FDFA1200BF0234 /* RequsetToProductReview.swift */; };
		2D5089A020FDFEDA00BF0234 /* Review.swift in Sources */ = {isa = PBXBuildFile; fileRef = 2D50899F20FDFEDA00BF0234 /* Review.swift */; };
		2D5089AE20FE117700BF0234 /* StaticAPIResult.swift in Sources */ = {isa = PBXBuildFile; fileRef = 2D5089AD20FE117700BF0234 /* StaticAPIResult.swift */; };
		2D5089B020FE26BD00BF0234 /* ResultOfGoodsReviews.swift in Sources */ = {isa = PBXBuildFile; fileRef = 2D5089AF20FE26BD00BF0234 /* ResultOfGoodsReviews.swift */; };
		2D5089B220FE27FF00BF0234 /* listOfGoodsReview.json in Resources */ = {isa = PBXBuildFile; fileRef = 2D5089B120FE27FF00BF0234 /* listOfGoodsReview.json */; };
		2D5089B420FE28CB00BF0234 /* addReview.json in Resources */ = {isa = PBXBuildFile; fileRef = 2D5089B320FE28CB00BF0234 /* addReview.json */; };
		2D5089B620FE28E600BF0234 /* deleteReview.json in Resources */ = {isa = PBXBuildFile; fileRef = 2D5089B520FE28E600BF0234 /* deleteReview.json */; };
		2D5089B820FE295F00BF0234 /* AddReview.swift in Sources */ = {isa = PBXBuildFile; fileRef = 2D5089B720FE295F00BF0234 /* AddReview.swift */; };
		2D5089BA20FE297400BF0234 /* DeleteReview.swift in Sources */ = {isa = PBXBuildFile; fileRef = 2D5089B920FE297400BF0234 /* DeleteReview.swift */; };
		2D5089BC20FE298F00BF0234 /* TakeListOfGoodsReviews.swift in Sources */ = {isa = PBXBuildFile; fileRef = 2D5089BB20FE298F00BF0234 /* TakeListOfGoodsReviews.swift */; };
		2D5089BE20FE2A3500BF0234 /* RequsetsToWorkWithProductReviewsFactoryMock.swift in Sources */ = {isa = PBXBuildFile; fileRef = 2D5089BD20FE2A3500BF0234 /* RequsetsToWorkWithProductReviewsFactoryMock.swift */; };
		2D51739A2114800900573D7C /* EdditingArray.swift in Sources */ = {isa = PBXBuildFile; fileRef = 2D5173992114800900573D7C /* EdditingArray.swift */; };
		2D53B7B821104B9600C1D8EC /* Goods.storyboard in Resources */ = {isa = PBXBuildFile; fileRef = 2D53B7B721104B9600C1D8EC /* Goods.storyboard */; };
		2D53B7BC211065F800C1D8EC /* GoodCartViewController.swift in Sources */ = {isa = PBXBuildFile; fileRef = 2D53B7BB211065F800C1D8EC /* GoodCartViewController.swift */; };
		2D53B7BE2110747A00C1D8EC /* ReviewTableController.swift in Sources */ = {isa = PBXBuildFile; fileRef = 2D53B7BD2110747A00C1D8EC /* ReviewTableController.swift */; };
		2D53B7C221107F2300C1D8EC /* ReviewTableViewCell.swift in Sources */ = {isa = PBXBuildFile; fileRef = 2D53B7C121107F2300C1D8EC /* ReviewTableViewCell.swift */; };
		2D53B7C621108F1D00C1D8EC /* ReviewsNetworkController.swift in Sources */ = {isa = PBXBuildFile; fileRef = 2D53B7C521108F1D00C1D8EC /* ReviewsNetworkController.swift */; };
		2D53B7C82112EA3100C1D8EC /* Basket.storyboard in Resources */ = {isa = PBXBuildFile; fileRef = 2D53B7C72112EA3100C1D8EC /* Basket.storyboard */; };
		2D53B7CA2112EEDC00C1D8EC /* BasketNetworkController.swift in Sources */ = {isa = PBXBuildFile; fileRef = 2D53B7C92112EEDC00C1D8EC /* BasketNetworkController.swift */; };
		2D53B7CC2112F56B00C1D8EC /* ActiveUser.swift in Sources */ = {isa = PBXBuildFile; fileRef = 2D53B7CB2112F56B00C1D8EC /* ActiveUser.swift */; };
		2D53B7CF21130A0300C1D8EC /* BasketTableViewController.swift in Sources */ = {isa = PBXBuildFile; fileRef = 2D53B7CE21130A0300C1D8EC /* BasketTableViewController.swift */; };
		2D53B7D12113101600C1D8EC /* GoodInBasketCell.swift in Sources */ = {isa = PBXBuildFile; fileRef = 2D53B7D02113101600C1D8EC /* GoodInBasketCell.swift */; };
		2D53B7D32113103100C1D8EC /* LastCell.swift in Sources */ = {isa = PBXBuildFile; fileRef = 2D53B7D22113103100C1D8EC /* LastCell.swift */; };
		2D53B7D721131EB000C1D8EC /* TakeBasket.swift in Sources */ = {isa = PBXBuildFile; fileRef = 2D53B7D621131EB000C1D8EC /* TakeBasket.swift */; };
		2D5D698E211935ED00070AE2 /* TrackAnalitics.swift in Sources */ = {isa = PBXBuildFile; fileRef = 2D5D698D211935ED00070AE2 /* TrackAnalitics.swift */; };
		2D5D69902119392E00070AE2 /* NSObjetExtension.swift in Sources */ = {isa = PBXBuildFile; fileRef = 2D5D698F2119392E00070AE2 /* NSObjetExtension.swift */; };
		2D6A796A210206550066E843 /* RequsetsToWorkWithBasket.swift in Sources */ = {isa = PBXBuildFile; fileRef = 2D6A7969210206550066E843 /* RequsetsToWorkWithBasket.swift */; };
		2D6A796C21020A320066E843 /* AddGoodToBasket.swift in Sources */ = {isa = PBXBuildFile; fileRef = 2D6A796B21020A320066E843 /* AddGoodToBasket.swift */; };
		2D6A796E21020A450066E843 /* DeleteGoodFromBasket.swift in Sources */ = {isa = PBXBuildFile; fileRef = 2D6A796D21020A450066E843 /* DeleteGoodFromBasket.swift */; };
		2D6A797021020A570066E843 /* PayOrder.swift in Sources */ = {isa = PBXBuildFile; fileRef = 2D6A796F21020A570066E843 /* PayOrder.swift */; };
		2D6A79742102160F0066E843 /* addGoodToBasket.json in Resources */ = {isa = PBXBuildFile; fileRef = 2D6A79732102160F0066E843 /* addGoodToBasket.json */; };
		2D6A79762102162A0066E843 /* deleteGoodFromBasket.json in Resources */ = {isa = PBXBuildFile; fileRef = 2D6A79752102162A0066E843 /* deleteGoodFromBasket.json */; };
		2D6A7978210216390066E843 /* payOrder.json in Resources */ = {isa = PBXBuildFile; fileRef = 2D6A7977210216390066E843 /* payOrder.json */; };
		2D6A797A210216720066E843 /* RequsetsToWorkWithBasketFactoryMock.swift in Sources */ = {isa = PBXBuildFile; fileRef = 2D6A7979210216720066E843 /* RequsetsToWorkWithBasketFactoryMock.swift */; };
		2DA446C0210A54E500C7EF0B /* GoodsNetworkController.swift in Sources */ = {isa = PBXBuildFile; fileRef = 2DA446BF210A54E500C7EF0B /* GoodsNetworkController.swift */; };
		2DA446C2210A5AAC00C7EF0B /* ListOfGoodsTableViewController.swift in Sources */ = {isa = PBXBuildFile; fileRef = 2DA446C1210A5AAC00C7EF0B /* ListOfGoodsTableViewController.swift */; };
		2DA446C4210A5C1E00C7EF0B /* ListOfGoodsViewCell.swift in Sources */ = {isa = PBXBuildFile; fileRef = 2DA446C3210A5C1E00C7EF0B /* ListOfGoodsViewCell.swift */; };
		2DD9B3DB2109DB1900453A60 /* PersonalCabNetworkController.swift in Sources */ = {isa = PBXBuildFile; fileRef = 2DD9B3DA2109DB1900453A60 /* PersonalCabNetworkController.swift */; };
		2DD9B3DD2109FE1300453A60 /* PersonalCapDependenceFactory.swift in Sources */ = {isa = PBXBuildFile; fileRef = 2DD9B3DC2109FE1300453A60 /* PersonalCapDependenceFactory.swift */; };
		2DD9B3DF210A16A700453A60 /* NetworkDelegateControllersFactory.swift in Sources */ = {isa = PBXBuildFile; fileRef = 2DD9B3DE210A16A700453A60 /* NetworkDelegateControllersFactory.swift */; };
		2DD9B3E2210A1C5400453A60 /* SupportingUIElementsFactory.swift in Sources */ = {isa = PBXBuildFile; fileRef = 2DD9B3E1210A1C5400453A60 /* SupportingUIElementsFactory.swift */; };
		2DD9B3E6210A373100453A60 /* TakeUserID.swift in Sources */ = {isa = PBXBuildFile; fileRef = 2DD9B3E5210A373100453A60 /* TakeUserID.swift */; };
		2DD9B3E8210A392600453A60 /* takeUserID.json in Resources */ = {isa = PBXBuildFile; fileRef = 2DD9B3E7210A392600453A60 /* takeUserID.json */; };
		2DEDA5FB20EEAAE600F68678 /* Registration.swift in Sources */ = {isa = PBXBuildFile; fileRef = 2DEDA5FA20EEAAE600F68678 /* Registration.swift */; };
		2DEDA5FD20EEB10100F68678 /* ChangeUserData.swift in Sources */ = {isa = PBXBuildFile; fileRef = 2DEDA5FC20EEB10100F68678 /* ChangeUserData.swift */; };
		2DEDA60120EF4B0100F68678 /* RequestToPersonalAccount.swift in Sources */ = {isa = PBXBuildFile; fileRef = 2DEDA60020EF4B0100F68678 /* RequestToPersonalAccount.swift */; };
		2DEDA60320EF54DA00F68678 /* ConstantsInProject.swift in Sources */ = {isa = PBXBuildFile; fileRef = 2DEDA60220EF54DA00F68678 /* ConstantsInProject.swift */; };
		2DEDA61220F39C5200F68678 /* RequestToWorkWithGoods.swift in Sources */ = {isa = PBXBuildFile; fileRef = 2DEDA61120F39C5200F68678 /* RequestToWorkWithGoods.swift */; };
		B1469B1B4A3367529E45003F /* Pods_d_fedorinovTests.framework in Frameworks */ = {isa = PBXBuildFile; fileRef = 7C4275A9B41C044F98EF4FD0 /* Pods_d_fedorinovTests.framework */; };
		EBDDE45111F80801A3378674 /* Pods_d_fedorinovUITests.framework in Frameworks */ = {isa = PBXBuildFile; fileRef = 9D8E2C4DE2781F86360AFE8A /* Pods_d_fedorinovUITests.framework */; };
		FBFA9FB38D1E7D455C84FA1A /* Pods_d_fedorinov.framework in Frameworks */ = {isa = PBXBuildFile; fileRef = F8C06E2C7D7B0CBECE2C27C0 /* Pods_d_fedorinov.framework */; };
/* End PBXBuildFile section */

/* Begin PBXContainerItemProxy section */
		2D317C4A20EB5ECD00CCAD72 /* PBXContainerItemProxy */ = {
			isa = PBXContainerItemProxy;
			containerPortal = 2D317C2D20EB5ECC00CCAD72 /* Project object */;
			proxyType = 1;
			remoteGlobalIDString = 2D317C3420EB5ECC00CCAD72;
			remoteInfo = d.fedorinov;
		};
		2D317C5520EB5ECD00CCAD72 /* PBXContainerItemProxy */ = {
			isa = PBXContainerItemProxy;
			containerPortal = 2D317C2D20EB5ECC00CCAD72 /* Project object */;
			proxyType = 1;
			remoteGlobalIDString = 2D317C3420EB5ECC00CCAD72;
			remoteInfo = d.fedorinov;
		};
/* End PBXContainerItemProxy section */

/* Begin PBXFileReference section */
		0FCF7C7BC4D9D74A63378EEB /* Pods-d.fedorinovUITests.debug.xcconfig */ = {isa = PBXFileReference; includeInIndex = 1; lastKnownFileType = text.xcconfig; name = "Pods-d.fedorinovUITests.debug.xcconfig"; path = "Pods/Target Support Files/Pods-d.fedorinovUITests/Pods-d.fedorinovUITests.debug.xcconfig"; sourceTree = "<group>"; };
		2D07D65820F4E85F00733B11 /* login.json */ = {isa = PBXFileReference; lastKnownFileType = text.json; path = login.json; sourceTree = "<group>"; };
		2D07D65A20F4F37400733B11 /* StubConfig.swift */ = {isa = PBXFileReference; lastKnownFileType = sourcecode.swift; path = StubConfig.swift; sourceTree = "<group>"; };
		2D07D65D20F5012F00733B11 /* LoginResult.swift */ = {isa = PBXFileReference; lastKnownFileType = sourcecode.swift; path = LoginResult.swift; sourceTree = "<group>"; };
		2D07D66720F5026200733B11 /* GoodByIdResult.swift */ = {isa = PBXFileReference; lastKnownFileType = sourcecode.swift; path = GoodByIdResult.swift; sourceTree = "<group>"; };
		2D07D66920F5042000733B11 /* logout.json */ = {isa = PBXFileReference; lastKnownFileType = text.json; path = logout.json; sourceTree = "<group>"; };
		2D07D66B20F504BD00733B11 /* registerUser.json */ = {isa = PBXFileReference; lastKnownFileType = text.json; path = registerUser.json; sourceTree = "<group>"; };
		2D07D66D20F505BD00733B11 /* changeUserData.json */ = {isa = PBXFileReference; lastKnownFileType = text.json; path = changeUserData.json; sourceTree = "<group>"; };
		2D07D66F20F5068800733B11 /* RequestsToWorkWithGoodsFactoryMock.swift */ = {isa = PBXFileReference; lastKnownFileType = sourcecode.swift; path = RequestsToWorkWithGoodsFactoryMock.swift; sourceTree = "<group>"; };
		2D07D67420F508F900733B11 /* catalogData.json */ = {isa = PBXFileReference; lastKnownFileType = text.json; path = catalogData.json; sourceTree = "<group>"; };
		2D07D67620F50A2E00733B11 /* getGoodById.json */ = {isa = PBXFileReference; lastKnownFileType = text.json; path = getGoodById.json; sourceTree = "<group>"; };
		2D1F9DA320EE73C900B26C9F /* ResponseCodable.swift */ = {isa = PBXFileReference; lastKnownFileType = sourcecode.swift; path = ResponseCodable.swift; sourceTree = "<group>"; };
		2D1F9DA620EE79EB00B26C9F /* AbstractRequestFactory.swift */ = {isa = PBXFileReference; lastKnownFileType = sourcecode.swift; path = AbstractRequestFactory.swift; sourceTree = "<group>"; };
		2D1F9DA820EE7E9A00B26C9F /* RequestRouter.swift */ = {isa = PBXFileReference; lastKnownFileType = sourcecode.swift; path = RequestRouter.swift; sourceTree = "<group>"; };
		2D1F9DAA20EE854600B26C9F /* User.swift */ = {isa = PBXFileReference; lastKnownFileType = sourcecode.swift; path = User.swift; sourceTree = "<group>"; };
		2D1F9DB120EE8A9300B26C9F /* Authorization.swift */ = {isa = PBXFileReference; lastKnownFileType = sourcecode.swift; path = Authorization.swift; sourceTree = "<group>"; };
		2D1F9DB320EE974900B26C9F /* RequestFactory.swift */ = {isa = PBXFileReference; lastKnownFileType = sourcecode.swift; path = RequestFactory.swift; sourceTree = "<group>"; };
		2D1F9DB520EEA3CC00B26C9F /* Deauthorization.swift */ = {isa = PBXFileReference; lastKnownFileType = sourcecode.swift; path = Deauthorization.swift; sourceTree = "<group>"; };
		2D25FA7720F3A39B00CCE32C /* TakeGoodById.swift */ = {isa = PBXFileReference; lastKnownFileType = sourcecode.swift; path = TakeGoodById.swift; sourceTree = "<group>"; };
		2D25FA7920F3A40500CCE32C /* TakeCatalogDataOfGoods.swift */ = {isa = PBXFileReference; lastKnownFileType = sourcecode.swift; path = TakeCatalogDataOfGoods.swift; sourceTree = "<group>"; };
		2D25FA7B20F3A46300CCE32C /* Good.swift */ = {isa = PBXFileReference; lastKnownFileType = sourcecode.swift; path = Good.swift; sourceTree = "<group>"; };
		2D25FA7D20F4C94000CCE32C /* ResponseCodableTests.swift */ = {isa = PBXFileReference; lastKnownFileType = sourcecode.swift; path = ResponseCodableTests.swift; sourceTree = "<group>"; };
		2D25FA7F20F4DD1900CCE32C /* RequestFactoryMock.swift */ = {isa = PBXFileReference; lastKnownFileType = sourcecode.swift; path = RequestFactoryMock.swift; sourceTree = "<group>"; };
		2D25FA8120F4DD6D00CCE32C /* ErrorLogic.swift */ = {isa = PBXFileReference; lastKnownFileType = sourcecode.swift; path = ErrorLogic.swift; sourceTree = "<group>"; };
		2D25FA8420F4DF3000CCE32C /* RequestsToPersonalAccountFactoryMock.swift */ = {isa = PBXFileReference; lastKnownFileType = sourcecode.swift; path = RequestsToPersonalAccountFactoryMock.swift; sourceTree = "<group>"; };
		2D317C3520EB5ECC00CCAD72 /* d.fedorinov.app */ = {isa = PBXFileReference; explicitFileType = wrapper.application; includeInIndex = 0; path = d.fedorinov.app; sourceTree = BUILT_PRODUCTS_DIR; };
		2D317C3820EB5ECC00CCAD72 /* AppDelegate.swift */ = {isa = PBXFileReference; lastKnownFileType = sourcecode.swift; path = AppDelegate.swift; sourceTree = "<group>"; };
		2D317C3F20EB5ECD00CCAD72 /* Assets.xcassets */ = {isa = PBXFileReference; lastKnownFileType = folder.assetcatalog; path = Assets.xcassets; sourceTree = "<group>"; };
		2D317C4220EB5ECD00CCAD72 /* Base */ = {isa = PBXFileReference; lastKnownFileType = file.storyboard; name = Base; path = Base.lproj/LaunchScreen.storyboard; sourceTree = "<group>"; };
		2D317C4420EB5ECD00CCAD72 /* Info.plist */ = {isa = PBXFileReference; lastKnownFileType = text.plist.xml; path = Info.plist; sourceTree = "<group>"; };
		2D317C4920EB5ECD00CCAD72 /* d.fedorinovTests.xctest */ = {isa = PBXFileReference; explicitFileType = wrapper.cfbundle; includeInIndex = 0; path = d.fedorinovTests.xctest; sourceTree = BUILT_PRODUCTS_DIR; };
		2D317C4D20EB5ECD00CCAD72 /* d_fedorinovTests.swift */ = {isa = PBXFileReference; lastKnownFileType = sourcecode.swift; path = d_fedorinovTests.swift; sourceTree = "<group>"; };
		2D317C4F20EB5ECD00CCAD72 /* Info.plist */ = {isa = PBXFileReference; lastKnownFileType = text.plist.xml; path = Info.plist; sourceTree = "<group>"; };
		2D317C5420EB5ECD00CCAD72 /* d.fedorinovUITests.xctest */ = {isa = PBXFileReference; explicitFileType = wrapper.cfbundle; includeInIndex = 0; path = d.fedorinovUITests.xctest; sourceTree = BUILT_PRODUCTS_DIR; };
		2D317C5820EB5ECD00CCAD72 /* d_fedorinovUITests.swift */ = {isa = PBXFileReference; lastKnownFileType = sourcecode.swift; path = d_fedorinovUITests.swift; sourceTree = "<group>"; };
		2D317C5A20EB5ECD00CCAD72 /* Info.plist */ = {isa = PBXFileReference; lastKnownFileType = text.plist.xml; path = Info.plist; sourceTree = "<group>"; };
		2D317C7020EE6EA000CCAD72 /* AbstractErrorParser.swift */ = {isa = PBXFileReference; lastKnownFileType = sourcecode.swift; path = AbstractErrorParser.swift; sourceTree = "<group>"; };
		2D317C7220EE6F8600CCAD72 /* ErrorParser.swift */ = {isa = PBXFileReference; lastKnownFileType = sourcecode.swift; path = ErrorParser.swift; sourceTree = "<group>"; };
		2D48C7FA2106066F00A3D217 /* PersonalCab.storyboard */ = {isa = PBXFileReference; lastKnownFileType = file.storyboard; path = PersonalCab.storyboard; sourceTree = "<group>"; };
		2D48C7FF210613C600A3D217 /* LoginController.swift */ = {isa = PBXFileReference; lastKnownFileType = sourcecode.swift; path = LoginController.swift; sourceTree = "<group>"; };
		2D48C8052106564000A3D217 /* UserdefaultsExtension.swift */ = {isa = PBXFileReference; lastKnownFileType = sourcecode.swift; path = UserdefaultsExtension.swift; sourceTree = "<group>"; };
		2D48C80721065DC600A3D217 /* WelcomeViewController.swift */ = {isa = PBXFileReference; lastKnownFileType = sourcecode.swift; path = WelcomeViewController.swift; sourceTree = "<group>"; };
		2D48C809210666FB00A3D217 /* RegistrationViewController.swift */ = {isa = PBXFileReference; lastKnownFileType = sourcecode.swift; path = RegistrationViewController.swift; sourceTree = "<group>"; };
		2D48C80D21068DAD00A3D217 /* AlertFactory.swift */ = {isa = PBXFileReference; lastKnownFileType = sourcecode.swift; path = AlertFactory.swift; sourceTree = "<group>"; };
		2D50899D20FDFA1200BF0234 /* RequsetToProductReview.swift */ = {isa = PBXFileReference; lastKnownFileType = sourcecode.swift; path = RequsetToProductReview.swift; sourceTree = "<group>"; };
		2D50899F20FDFEDA00BF0234 /* Review.swift */ = {isa = PBXFileReference; lastKnownFileType = sourcecode.swift; path = Review.swift; sourceTree = "<group>"; };
		2D5089AD20FE117700BF0234 /* StaticAPIResult.swift */ = {isa = PBXFileReference; lastKnownFileType = sourcecode.swift; path = StaticAPIResult.swift; sourceTree = "<group>"; };
		2D5089AF20FE26BD00BF0234 /* ResultOfGoodsReviews.swift */ = {isa = PBXFileReference; lastKnownFileType = sourcecode.swift; path = ResultOfGoodsReviews.swift; sourceTree = "<group>"; };
		2D5089B120FE27FF00BF0234 /* listOfGoodsReview.json */ = {isa = PBXFileReference; lastKnownFileType = text.json; path = listOfGoodsReview.json; sourceTree = "<group>"; };
		2D5089B320FE28CB00BF0234 /* addReview.json */ = {isa = PBXFileReference; lastKnownFileType = text.json; path = addReview.json; sourceTree = "<group>"; };
		2D5089B520FE28E600BF0234 /* deleteReview.json */ = {isa = PBXFileReference; lastKnownFileType = text.json; path = deleteReview.json; sourceTree = "<group>"; };
		2D5089B720FE295F00BF0234 /* AddReview.swift */ = {isa = PBXFileReference; lastKnownFileType = sourcecode.swift; path = AddReview.swift; sourceTree = "<group>"; };
		2D5089B920FE297400BF0234 /* DeleteReview.swift */ = {isa = PBXFileReference; lastKnownFileType = sourcecode.swift; path = DeleteReview.swift; sourceTree = "<group>"; };
		2D5089BB20FE298F00BF0234 /* TakeListOfGoodsReviews.swift */ = {isa = PBXFileReference; lastKnownFileType = sourcecode.swift; path = TakeListOfGoodsReviews.swift; sourceTree = "<group>"; };
		2D5089BD20FE2A3500BF0234 /* RequsetsToWorkWithProductReviewsFactoryMock.swift */ = {isa = PBXFileReference; lastKnownFileType = sourcecode.swift; path = RequsetsToWorkWithProductReviewsFactoryMock.swift; sourceTree = "<group>"; };
		2D5173992114800900573D7C /* EdditingArray.swift */ = {isa = PBXFileReference; lastKnownFileType = sourcecode.swift; path = EdditingArray.swift; sourceTree = "<group>"; };
		2D53B7B721104B9600C1D8EC /* Goods.storyboard */ = {isa = PBXFileReference; lastKnownFileType = file.storyboard; path = Goods.storyboard; sourceTree = "<group>"; };
		2D53B7BB211065F800C1D8EC /* GoodCartViewController.swift */ = {isa = PBXFileReference; lastKnownFileType = sourcecode.swift; path = GoodCartViewController.swift; sourceTree = "<group>"; };
		2D53B7BD2110747A00C1D8EC /* ReviewTableController.swift */ = {isa = PBXFileReference; lastKnownFileType = sourcecode.swift; path = ReviewTableController.swift; sourceTree = "<group>"; };
		2D53B7C121107F2300C1D8EC /* ReviewTableViewCell.swift */ = {isa = PBXFileReference; lastKnownFileType = sourcecode.swift; path = ReviewTableViewCell.swift; sourceTree = "<group>"; };
		2D53B7C521108F1D00C1D8EC /* ReviewsNetworkController.swift */ = {isa = PBXFileReference; lastKnownFileType = sourcecode.swift; path = ReviewsNetworkController.swift; sourceTree = "<group>"; };
		2D53B7C72112EA3100C1D8EC /* Basket.storyboard */ = {isa = PBXFileReference; lastKnownFileType = file.storyboard; path = Basket.storyboard; sourceTree = "<group>"; };
		2D53B7C92112EEDC00C1D8EC /* BasketNetworkController.swift */ = {isa = PBXFileReference; lastKnownFileType = sourcecode.swift; path = BasketNetworkController.swift; sourceTree = "<group>"; };
		2D53B7CB2112F56B00C1D8EC /* ActiveUser.swift */ = {isa = PBXFileReference; lastKnownFileType = sourcecode.swift; path = ActiveUser.swift; sourceTree = "<group>"; };
		2D53B7CE21130A0300C1D8EC /* BasketTableViewController.swift */ = {isa = PBXFileReference; lastKnownFileType = sourcecode.swift; path = BasketTableViewController.swift; sourceTree = "<group>"; };
		2D53B7D02113101600C1D8EC /* GoodInBasketCell.swift */ = {isa = PBXFileReference; lastKnownFileType = sourcecode.swift; path = GoodInBasketCell.swift; sourceTree = "<group>"; };
		2D53B7D22113103100C1D8EC /* LastCell.swift */ = {isa = PBXFileReference; lastKnownFileType = sourcecode.swift; path = LastCell.swift; sourceTree = "<group>"; };
		2D53B7D621131EB000C1D8EC /* TakeBasket.swift */ = {isa = PBXFileReference; lastKnownFileType = sourcecode.swift; path = TakeBasket.swift; sourceTree = "<group>"; };
		2D5D698D211935ED00070AE2 /* TrackAnalitics.swift */ = {isa = PBXFileReference; lastKnownFileType = sourcecode.swift; path = TrackAnalitics.swift; sourceTree = "<group>"; };
		2D5D698F2119392E00070AE2 /* NSObjetExtension.swift */ = {isa = PBXFileReference; lastKnownFileType = sourcecode.swift; path = NSObjetExtension.swift; sourceTree = "<group>"; };
		2D6A7969210206550066E843 /* RequsetsToWorkWithBasket.swift */ = {isa = PBXFileReference; lastKnownFileType = sourcecode.swift; path = RequsetsToWorkWithBasket.swift; sourceTree = "<group>"; };
		2D6A796B21020A320066E843 /* AddGoodToBasket.swift */ = {isa = PBXFileReference; lastKnownFileType = sourcecode.swift; path = AddGoodToBasket.swift; sourceTree = "<group>"; };
		2D6A796D21020A450066E843 /* DeleteGoodFromBasket.swift */ = {isa = PBXFileReference; lastKnownFileType = sourcecode.swift; path = DeleteGoodFromBasket.swift; sourceTree = "<group>"; };
		2D6A796F21020A570066E843 /* PayOrder.swift */ = {isa = PBXFileReference; lastKnownFileType = sourcecode.swift; path = PayOrder.swift; sourceTree = "<group>"; };
		2D6A79732102160F0066E843 /* addGoodToBasket.json */ = {isa = PBXFileReference; lastKnownFileType = text.json; path = addGoodToBasket.json; sourceTree = "<group>"; };
		2D6A79752102162A0066E843 /* deleteGoodFromBasket.json */ = {isa = PBXFileReference; lastKnownFileType = text.json; path = deleteGoodFromBasket.json; sourceTree = "<group>"; };
		2D6A7977210216390066E843 /* payOrder.json */ = {isa = PBXFileReference; lastKnownFileType = text.json; path = payOrder.json; sourceTree = "<group>"; };
		2D6A7979210216720066E843 /* RequsetsToWorkWithBasketFactoryMock.swift */ = {isa = PBXFileReference; lastKnownFileType = sourcecode.swift; path = RequsetsToWorkWithBasketFactoryMock.swift; sourceTree = "<group>"; };
		2DA446BF210A54E500C7EF0B /* GoodsNetworkController.swift */ = {isa = PBXFileReference; lastKnownFileType = sourcecode.swift; path = GoodsNetworkController.swift; sourceTree = "<group>"; };
		2DA446C1210A5AAC00C7EF0B /* ListOfGoodsTableViewController.swift */ = {isa = PBXFileReference; lastKnownFileType = sourcecode.swift; path = ListOfGoodsTableViewController.swift; sourceTree = "<group>"; };
		2DA446C3210A5C1E00C7EF0B /* ListOfGoodsViewCell.swift */ = {isa = PBXFileReference; lastKnownFileType = sourcecode.swift; path = ListOfGoodsViewCell.swift; sourceTree = "<group>"; };
		2DD9B3DA2109DB1900453A60 /* PersonalCabNetworkController.swift */ = {isa = PBXFileReference; lastKnownFileType = sourcecode.swift; path = PersonalCabNetworkController.swift; sourceTree = "<group>"; };
		2DD9B3DC2109FE1300453A60 /* PersonalCapDependenceFactory.swift */ = {isa = PBXFileReference; lastKnownFileType = sourcecode.swift; path = PersonalCapDependenceFactory.swift; sourceTree = "<group>"; };
		2DD9B3DE210A16A700453A60 /* NetworkDelegateControllersFactory.swift */ = {isa = PBXFileReference; lastKnownFileType = sourcecode.swift; path = NetworkDelegateControllersFactory.swift; sourceTree = "<group>"; };
		2DD9B3E1210A1C5400453A60 /* SupportingUIElementsFactory.swift */ = {isa = PBXFileReference; lastKnownFileType = sourcecode.swift; path = SupportingUIElementsFactory.swift; sourceTree = "<group>"; };
		2DD9B3E5210A373100453A60 /* TakeUserID.swift */ = {isa = PBXFileReference; lastKnownFileType = sourcecode.swift; path = TakeUserID.swift; sourceTree = "<group>"; };
		2DD9B3E7210A392600453A60 /* takeUserID.json */ = {isa = PBXFileReference; lastKnownFileType = text.json; path = takeUserID.json; sourceTree = "<group>"; };
		2DEDA5FA20EEAAE600F68678 /* Registration.swift */ = {isa = PBXFileReference; lastKnownFileType = sourcecode.swift; path = Registration.swift; sourceTree = "<group>"; };
		2DEDA5FC20EEB10100F68678 /* ChangeUserData.swift */ = {isa = PBXFileReference; lastKnownFileType = sourcecode.swift; path = ChangeUserData.swift; sourceTree = "<group>"; };
		2DEDA60020EF4B0100F68678 /* RequestToPersonalAccount.swift */ = {isa = PBXFileReference; lastKnownFileType = sourcecode.swift; path = RequestToPersonalAccount.swift; sourceTree = "<group>"; };
		2DEDA60220EF54DA00F68678 /* ConstantsInProject.swift */ = {isa = PBXFileReference; lastKnownFileType = sourcecode.swift; path = ConstantsInProject.swift; sourceTree = "<group>"; };
		2DEDA61120F39C5200F68678 /* RequestToWorkWithGoods.swift */ = {isa = PBXFileReference; lastKnownFileType = sourcecode.swift; path = RequestToWorkWithGoods.swift; sourceTree = "<group>"; };
		53287E5706ABBCD5280ADABC /* Pods-d.fedorinovTests.debug.xcconfig */ = {isa = PBXFileReference; includeInIndex = 1; lastKnownFileType = text.xcconfig; name = "Pods-d.fedorinovTests.debug.xcconfig"; path = "Pods/Target Support Files/Pods-d.fedorinovTests/Pods-d.fedorinovTests.debug.xcconfig"; sourceTree = "<group>"; };
		69059A82BCE417050E055717 /* Pods-d.fedorinov.debug.xcconfig */ = {isa = PBXFileReference; includeInIndex = 1; lastKnownFileType = text.xcconfig; name = "Pods-d.fedorinov.debug.xcconfig"; path = "Pods/Target Support Files/Pods-d.fedorinov/Pods-d.fedorinov.debug.xcconfig"; sourceTree = "<group>"; };
		7C4275A9B41C044F98EF4FD0 /* Pods_d_fedorinovTests.framework */ = {isa = PBXFileReference; explicitFileType = wrapper.framework; includeInIndex = 0; path = Pods_d_fedorinovTests.framework; sourceTree = BUILT_PRODUCTS_DIR; };
		9D8E2C4DE2781F86360AFE8A /* Pods_d_fedorinovUITests.framework */ = {isa = PBXFileReference; explicitFileType = wrapper.framework; includeInIndex = 0; path = Pods_d_fedorinovUITests.framework; sourceTree = BUILT_PRODUCTS_DIR; };
		B947E09C10A8D4347AD57E5A /* Pods-d.fedorinov.release.xcconfig */ = {isa = PBXFileReference; includeInIndex = 1; lastKnownFileType = text.xcconfig; name = "Pods-d.fedorinov.release.xcconfig"; path = "Pods/Target Support Files/Pods-d.fedorinov/Pods-d.fedorinov.release.xcconfig"; sourceTree = "<group>"; };
		C1BE598A5351008F38331BE0 /* Pods-d.fedorinovTests.release.xcconfig */ = {isa = PBXFileReference; includeInIndex = 1; lastKnownFileType = text.xcconfig; name = "Pods-d.fedorinovTests.release.xcconfig"; path = "Pods/Target Support Files/Pods-d.fedorinovTests/Pods-d.fedorinovTests.release.xcconfig"; sourceTree = "<group>"; };
		EC1A5CE809C4A23EE01CAFD9 /* Pods-d.fedorinovUITests.release.xcconfig */ = {isa = PBXFileReference; includeInIndex = 1; lastKnownFileType = text.xcconfig; name = "Pods-d.fedorinovUITests.release.xcconfig"; path = "Pods/Target Support Files/Pods-d.fedorinovUITests/Pods-d.fedorinovUITests.release.xcconfig"; sourceTree = "<group>"; };
		F8C06E2C7D7B0CBECE2C27C0 /* Pods_d_fedorinov.framework */ = {isa = PBXFileReference; explicitFileType = wrapper.framework; includeInIndex = 0; path = Pods_d_fedorinov.framework; sourceTree = BUILT_PRODUCTS_DIR; };
/* End PBXFileReference section */

/* Begin PBXFrameworksBuildPhase section */
		2D317C3220EB5ECC00CCAD72 /* Frameworks */ = {
			isa = PBXFrameworksBuildPhase;
			buildActionMask = 2147483647;
			files = (
				FBFA9FB38D1E7D455C84FA1A /* Pods_d_fedorinov.framework in Frameworks */,
			);
			runOnlyForDeploymentPostprocessing = 0;
		};
		2D317C4620EB5ECD00CCAD72 /* Frameworks */ = {
			isa = PBXFrameworksBuildPhase;
			buildActionMask = 2147483647;
			files = (
				B1469B1B4A3367529E45003F /* Pods_d_fedorinovTests.framework in Frameworks */,
			);
			runOnlyForDeploymentPostprocessing = 0;
		};
		2D317C5120EB5ECD00CCAD72 /* Frameworks */ = {
			isa = PBXFrameworksBuildPhase;
			buildActionMask = 2147483647;
			files = (
				EBDDE45111F80801A3378674 /* Pods_d_fedorinovUITests.framework in Frameworks */,
			);
			runOnlyForDeploymentPostprocessing = 0;
		};
/* End PBXFrameworksBuildPhase section */

/* Begin PBXGroup section */
		2D07D65720F4E83900733B11 /* Stubs */ = {
			isa = PBXGroup;
			children = (
				2D07D65820F4E85F00733B11 /* login.json */,
				2D07D66920F5042000733B11 /* logout.json */,
				2D07D66B20F504BD00733B11 /* registerUser.json */,
				2D07D66D20F505BD00733B11 /* changeUserData.json */,
				2D07D67420F508F900733B11 /* catalogData.json */,
				2D07D67620F50A2E00733B11 /* getGoodById.json */,
				2D5089B120FE27FF00BF0234 /* listOfGoodsReview.json */,
				2D5089B320FE28CB00BF0234 /* addReview.json */,
				2D5089B520FE28E600BF0234 /* deleteReview.json */,
				2D6A79732102160F0066E843 /* addGoodToBasket.json */,
				2D6A79752102162A0066E843 /* deleteGoodFromBasket.json */,
				2D6A7977210216390066E843 /* payOrder.json */,
				2DD9B3E7210A392600453A60 /* takeUserID.json */,
			);
			path = Stubs;
			sourceTree = "<group>";
		};
		2D07D65C20F500F300733B11 /* NetWorkEntity */ = {
			isa = PBXGroup;
			children = (
				2D5089AD20FE117700BF0234 /* StaticAPIResult.swift */,
				2D07D65D20F5012F00733B11 /* LoginResult.swift */,
				2D07D66720F5026200733B11 /* GoodByIdResult.swift */,
				2D5089AF20FE26BD00BF0234 /* ResultOfGoodsReviews.swift */,
			);
			path = NetWorkEntity;
			sourceTree = "<group>";
		};
		2D07D67120F506D300733B11 /* Core */ = {
			isa = PBXGroup;
			children = (
				2D25FA7D20F4C94000CCE32C /* ResponseCodableTests.swift */,
				2D25FA8120F4DD6D00CCE32C /* ErrorLogic.swift */,
			);
			path = Core;
			sourceTree = "<group>";
		};
		2D07D67220F506D900733B11 /* BussinessLogic */ = {
			isa = PBXGroup;
			children = (
				2D5089BD20FE2A3500BF0234 /* RequsetsToWorkWithProductReviewsFactoryMock.swift */,
				2D25FA8420F4DF3000CCE32C /* RequestsToPersonalAccountFactoryMock.swift */,
				2D07D66F20F5068800733B11 /* RequestsToWorkWithGoodsFactoryMock.swift */,
				2D25FA7F20F4DD1900CCE32C /* RequestFactoryMock.swift */,
				2D6A7979210216720066E843 /* RequsetsToWorkWithBasketFactoryMock.swift */,
			);
			path = BussinessLogic;
			sourceTree = "<group>";
		};
		2D07D67320F5071800733B11 /* TestHelper */ = {
			isa = PBXGroup;
			children = (
				2D07D65A20F4F37400733B11 /* StubConfig.swift */,
			);
			path = TestHelper;
			sourceTree = "<group>";
		};
		2D1F9DAC20EE874800B26C9F /* Network */ = {
			isa = PBXGroup;
			children = (
				2D6A7968210205F10066E843 /* WorkWithBasket */,
				2D50899C20FDF8BF00BF0234 /* WorkWithProductReviews */,
				2DEDA61020F39BB500F68678 /* WorkWithGoods */,
				2DEDA60F20F39B3000F68678 /* WorkWithPersonalCab */,
			);
			path = Network;
			sourceTree = "<group>";
		};
		2D25FA8320F4DDCD00CCE32C /* NetworkTests */ = {
			isa = PBXGroup;
			children = (
				2D07D67220F506D900733B11 /* BussinessLogic */,
				2D07D67120F506D300733B11 /* Core */,
			);
			path = NetworkTests;
			sourceTree = "<group>";
		};
		2D317C2C20EB5ECC00CCAD72 = {
			isa = PBXGroup;
			children = (
				2D317C3720EB5ECC00CCAD72 /* d.fedorinov */,
				2D317C4C20EB5ECD00CCAD72 /* d.fedorinovTests */,
				2D317C5720EB5ECD00CCAD72 /* d.fedorinovUITests */,
				2D317C3620EB5ECC00CCAD72 /* Products */,
				E41131BACFEF4EB322B6EAA9 /* Pods */,
				3F2C6BC2256EFC49ECB744F4 /* Frameworks */,
			);
			sourceTree = "<group>";
		};
		2D317C3620EB5ECC00CCAD72 /* Products */ = {
			isa = PBXGroup;
			children = (
				2D317C3520EB5ECC00CCAD72 /* d.fedorinov.app */,
				2D317C4920EB5ECD00CCAD72 /* d.fedorinovTests.xctest */,
				2D317C5420EB5ECD00CCAD72 /* d.fedorinovUITests.xctest */,
			);
			name = Products;
			sourceTree = "<group>";
		};
		2D317C3720EB5ECC00CCAD72 /* d.fedorinov */ = {
			isa = PBXGroup;
			children = (
				2D317C6620EB6F5000CCAD72 /* App */,
				2D317C6720EB6F5D00CCAD72 /* Flows */,
				2D317C6820EB6F7B00CCAD72 /* Core */,
				2D317C6920EB6F9F00CCAD72 /* Resources */,
				2D317C6A20EB6FA900CCAD72 /* Environments */,
			);
			path = d.fedorinov;
			sourceTree = "<group>";
		};
		2D317C4C20EB5ECD00CCAD72 /* d.fedorinovTests */ = {
			isa = PBXGroup;
			children = (
				2D07D67320F5071800733B11 /* TestHelper */,
				2D25FA8320F4DDCD00CCE32C /* NetworkTests */,
				2D317C4D20EB5ECD00CCAD72 /* d_fedorinovTests.swift */,
				2D317C4F20EB5ECD00CCAD72 /* Info.plist */,
			);
			path = d.fedorinovTests;
			sourceTree = "<group>";
		};
		2D317C5720EB5ECD00CCAD72 /* d.fedorinovUITests */ = {
			isa = PBXGroup;
			children = (
				2D317C5820EB5ECD00CCAD72 /* d_fedorinovUITests.swift */,
				2D317C5A20EB5ECD00CCAD72 /* Info.plist */,
			);
			path = d.fedorinovUITests;
			sourceTree = "<group>";
		};
		2D317C6620EB6F5000CCAD72 /* App */ = {
			isa = PBXGroup;
			children = (
				2D317C6B20EB701E00CCAD72 /* BussinessLogic */,
				2D317C6C20EB702900CCAD72 /* Entity */,
				2D317C6D20EB703200CCAD72 /* Assembly */,
			);
			path = App;
			sourceTree = "<group>";
		};
		2D317C6720EB6F5D00CCAD72 /* Flows */ = {
			isa = PBXGroup;
			children = (
				2D53B7CD211308E500C1D8EC /* Basket */,
				2D53B7B621104A0100C1D8EC /* GoodsAndReview */,
				2D48C7FC21060C1200A3D217 /* PersonalCabUI */,
			);
			path = Flows;
			sourceTree = "<group>";
		};
		2D317C6820EB6F7B00CCAD72 /* Core */ = {
			isa = PBXGroup;
			children = (
				2D317C6F20EE6DFF00CCAD72 /* Network */,
			);
			path = Core;
			sourceTree = "<group>";
		};
		2D317C6920EB6F9F00CCAD72 /* Resources */ = {
			isa = PBXGroup;
			children = (
				2D48C7F92106061B00A3D217 /* Storyboard */,
				2D07D65720F4E83900733B11 /* Stubs */,
				2D317C3F20EB5ECD00CCAD72 /* Assets.xcassets */,
				2D317C4120EB5ECD00CCAD72 /* LaunchScreen.storyboard */,
			);
			path = Resources;
			sourceTree = "<group>";
		};
		2D317C6A20EB6FA900CCAD72 /* Environments */ = {
			isa = PBXGroup;
			children = (
				2D317C4420EB5ECD00CCAD72 /* Info.plist */,
			);
			path = Environments;
			sourceTree = "<group>";
		};
		2D317C6B20EB701E00CCAD72 /* BussinessLogic */ = {
			isa = PBXGroup;
			children = (
				2DA446BD210A533400C7EF0B /* WorkWithUI */,
				2D1F9DAC20EE874800B26C9F /* Network */,
				2D317C6E20EB70FF00CCAD72 /* AppDelegate */,
			);
			path = BussinessLogic;
			sourceTree = "<group>";
		};
		2D317C6C20EB702900CCAD72 /* Entity */ = {
			isa = PBXGroup;
			children = (
				2D07D65C20F500F300733B11 /* NetWorkEntity */,
				2DEDA60220EF54DA00F68678 /* ConstantsInProject.swift */,
				2D1F9DAA20EE854600B26C9F /* User.swift */,
				2D25FA7B20F3A46300CCE32C /* Good.swift */,
				2D50899F20FDFEDA00BF0234 /* Review.swift */,
			);
			path = Entity;
			sourceTree = "<group>";
		};
		2D317C6D20EB703200CCAD72 /* Assembly */ = {
			isa = PBXGroup;
			children = (
				2D48C80D21068DAD00A3D217 /* AlertFactory.swift */,
				2D1F9DB320EE974900B26C9F /* RequestFactory.swift */,
				2DD9B3DC2109FE1300453A60 /* PersonalCapDependenceFactory.swift */,
				2DD9B3DE210A16A700453A60 /* NetworkDelegateControllersFactory.swift */,
				2DD9B3E1210A1C5400453A60 /* SupportingUIElementsFactory.swift */,
				2D48C8042106562500A3D217 /* Helpers */,
			);
			path = Assembly;
			sourceTree = "<group>";
		};
		2D317C6E20EB70FF00CCAD72 /* AppDelegate */ = {
			isa = PBXGroup;
			children = (
				2D317C3820EB5ECC00CCAD72 /* AppDelegate.swift */,
			);
			path = AppDelegate;
			sourceTree = "<group>";
		};
		2D317C6F20EE6DFF00CCAD72 /* Network */ = {
			isa = PBXGroup;
			children = (
				2D317C7020EE6EA000CCAD72 /* AbstractErrorParser.swift */,
				2D317C7220EE6F8600CCAD72 /* ErrorParser.swift */,
				2D1F9DA320EE73C900B26C9F /* ResponseCodable.swift */,
				2D1F9DA620EE79EB00B26C9F /* AbstractRequestFactory.swift */,
				2D1F9DA820EE7E9A00B26C9F /* RequestRouter.swift */,
			);
			path = Network;
			sourceTree = "<group>";
		};
		2D48C7F92106061B00A3D217 /* Storyboard */ = {
			isa = PBXGroup;
			children = (
				2D48C7FA2106066F00A3D217 /* PersonalCab.storyboard */,
				2D53B7B721104B9600C1D8EC /* Goods.storyboard */,
				2D53B7C72112EA3100C1D8EC /* Basket.storyboard */,
			);
			path = Storyboard;
			sourceTree = "<group>";
		};
		2D48C7FC21060C1200A3D217 /* PersonalCabUI */ = {
			isa = PBXGroup;
			children = (
				2D48C7FF210613C600A3D217 /* LoginController.swift */,
				2D48C80721065DC600A3D217 /* WelcomeViewController.swift */,
				2D48C809210666FB00A3D217 /* RegistrationViewController.swift */,
			);
			path = PersonalCabUI;
			sourceTree = "<group>";
		};
		2D48C8042106562500A3D217 /* Helpers */ = {
			isa = PBXGroup;
			children = (
				2D48C8052106564000A3D217 /* UserdefaultsExtension.swift */,
				2D53B7CB2112F56B00C1D8EC /* ActiveUser.swift */,
				2D5173992114800900573D7C /* EdditingArray.swift */,
				2D5D698D211935ED00070AE2 /* TrackAnalitics.swift */,
				2D5D698F2119392E00070AE2 /* NSObjetExtension.swift */,
			);
			path = Helpers;
			sourceTree = "<group>";
		};
		2D50899C20FDF8BF00BF0234 /* WorkWithProductReviews */ = {
			isa = PBXGroup;
			children = (
				2D50899D20FDFA1200BF0234 /* RequsetToProductReview.swift */,
				2D5089B720FE295F00BF0234 /* AddReview.swift */,
				2D5089B920FE297400BF0234 /* DeleteReview.swift */,
				2D5089BB20FE298F00BF0234 /* TakeListOfGoodsReviews.swift */,
			);
			path = WorkWithProductReviews;
			sourceTree = "<group>";
		};
		2D53B7B621104A0100C1D8EC /* GoodsAndReview */ = {
			isa = PBXGroup;
			children = (
				2DA446C1210A5AAC00C7EF0B /* ListOfGoodsTableViewController.swift */,
				2DA446C3210A5C1E00C7EF0B /* ListOfGoodsViewCell.swift */,
				2D53B7BB211065F800C1D8EC /* GoodCartViewController.swift */,
				2D53B7BD2110747A00C1D8EC /* ReviewTableController.swift */,
				2D53B7C121107F2300C1D8EC /* ReviewTableViewCell.swift */,
			);
			path = GoodsAndReview;
			sourceTree = "<group>";
		};
		2D53B7CD211308E500C1D8EC /* Basket */ = {
			isa = PBXGroup;
			children = (
				2D53B7CE21130A0300C1D8EC /* BasketTableViewController.swift */,
				2D53B7D02113101600C1D8EC /* GoodInBasketCell.swift */,
				2D53B7D22113103100C1D8EC /* LastCell.swift */,
			);
			path = Basket;
			sourceTree = "<group>";
		};
		2D6A7968210205F10066E843 /* WorkWithBasket */ = {
			isa = PBXGroup;
			children = (
				2D6A7969210206550066E843 /* RequsetsToWorkWithBasket.swift */,
				2D6A796B21020A320066E843 /* AddGoodToBasket.swift */,
				2D6A796D21020A450066E843 /* DeleteGoodFromBasket.swift */,
				2D6A796F21020A570066E843 /* PayOrder.swift */,
				2D53B7D621131EB000C1D8EC /* TakeBasket.swift */,
			);
			path = WorkWithBasket;
			sourceTree = "<group>";
		};
		2DA446BD210A533400C7EF0B /* WorkWithUI */ = {
			isa = PBXGroup;
			children = (
				2DD9B3DA2109DB1900453A60 /* PersonalCabNetworkController.swift */,
				2DA446BF210A54E500C7EF0B /* GoodsNetworkController.swift */,
				2D53B7C521108F1D00C1D8EC /* ReviewsNetworkController.swift */,
				2D53B7C92112EEDC00C1D8EC /* BasketNetworkController.swift */,
			);
			path = WorkWithUI;
			sourceTree = "<group>";
		};
		2DEDA60F20F39B3000F68678 /* WorkWithPersonalCab */ = {
			isa = PBXGroup;
			children = (
				2DEDA60020EF4B0100F68678 /* RequestToPersonalAccount.swift */,
				2DD9B3E5210A373100453A60 /* TakeUserID.swift */,
				2D1F9DB120EE8A9300B26C9F /* Authorization.swift */,
				2D1F9DB520EEA3CC00B26C9F /* Deauthorization.swift */,
				2DEDA5FA20EEAAE600F68678 /* Registration.swift */,
				2DEDA5FC20EEB10100F68678 /* ChangeUserData.swift */,
			);
			path = WorkWithPersonalCab;
			sourceTree = "<group>";
		};
		2DEDA61020F39BB500F68678 /* WorkWithGoods */ = {
			isa = PBXGroup;
			children = (
				2DEDA61120F39C5200F68678 /* RequestToWorkWithGoods.swift */,
				2D25FA7920F3A40500CCE32C /* TakeCatalogDataOfGoods.swift */,
				2D25FA7720F3A39B00CCE32C /* TakeGoodById.swift */,
			);
			path = WorkWithGoods;
			sourceTree = "<group>";
		};
		3F2C6BC2256EFC49ECB744F4 /* Frameworks */ = {
			isa = PBXGroup;
			children = (
				F8C06E2C7D7B0CBECE2C27C0 /* Pods_d_fedorinov.framework */,
				7C4275A9B41C044F98EF4FD0 /* Pods_d_fedorinovTests.framework */,
				9D8E2C4DE2781F86360AFE8A /* Pods_d_fedorinovUITests.framework */,
			);
			name = Frameworks;
			sourceTree = "<group>";
		};
		E41131BACFEF4EB322B6EAA9 /* Pods */ = {
			isa = PBXGroup;
			children = (
				69059A82BCE417050E055717 /* Pods-d.fedorinov.debug.xcconfig */,
				B947E09C10A8D4347AD57E5A /* Pods-d.fedorinov.release.xcconfig */,
				53287E5706ABBCD5280ADABC /* Pods-d.fedorinovTests.debug.xcconfig */,
				C1BE598A5351008F38331BE0 /* Pods-d.fedorinovTests.release.xcconfig */,
				0FCF7C7BC4D9D74A63378EEB /* Pods-d.fedorinovUITests.debug.xcconfig */,
				EC1A5CE809C4A23EE01CAFD9 /* Pods-d.fedorinovUITests.release.xcconfig */,
			);
			name = Pods;
			sourceTree = "<group>";
		};
/* End PBXGroup section */

/* Begin PBXNativeTarget section */
		2D317C3420EB5ECC00CCAD72 /* d.fedorinov */ = {
			isa = PBXNativeTarget;
			buildConfigurationList = 2D317C5D20EB5ECD00CCAD72 /* Build configuration list for PBXNativeTarget "d.fedorinov" */;
			buildPhases = (
				9A6D4A79C559DA6F2F9D8CB4 /* [CP] Check Pods Manifest.lock */,
				2D317C3120EB5ECC00CCAD72 /* Sources */,
				2D317C3220EB5ECC00CCAD72 /* Frameworks */,
				2D317C3320EB5ECC00CCAD72 /* Resources */,
				ECEE7D4BF3B466F73B047C87 /* [CP] Embed Pods Frameworks */,
				2D50899B20FDF53F00BF0234 /* Fabric */,
			);
			buildRules = (
			);
			dependencies = (
			);
			name = d.fedorinov;
			productName = d.fedorinov;
			productReference = 2D317C3520EB5ECC00CCAD72 /* d.fedorinov.app */;
			productType = "com.apple.product-type.application";
		};
		2D317C4820EB5ECD00CCAD72 /* d.fedorinovTests */ = {
			isa = PBXNativeTarget;
			buildConfigurationList = 2D317C6020EB5ECD00CCAD72 /* Build configuration list for PBXNativeTarget "d.fedorinovTests" */;
			buildPhases = (
				2ED2F82BDB4B6DD85202C272 /* [CP] Check Pods Manifest.lock */,
				2D317C4520EB5ECD00CCAD72 /* Sources */,
				2D317C4620EB5ECD00CCAD72 /* Frameworks */,
				2D317C4720EB5ECD00CCAD72 /* Resources */,
			);
			buildRules = (
			);
			dependencies = (
				2D317C4B20EB5ECD00CCAD72 /* PBXTargetDependency */,
			);
			name = d.fedorinovTests;
			productName = d.fedorinovTests;
			productReference = 2D317C4920EB5ECD00CCAD72 /* d.fedorinovTests.xctest */;
			productType = "com.apple.product-type.bundle.unit-test";
		};
		2D317C5320EB5ECD00CCAD72 /* d.fedorinovUITests */ = {
			isa = PBXNativeTarget;
			buildConfigurationList = 2D317C6320EB5ECD00CCAD72 /* Build configuration list for PBXNativeTarget "d.fedorinovUITests" */;
			buildPhases = (
				180C7922E272872A640C6D1A /* [CP] Check Pods Manifest.lock */,
				2D317C5020EB5ECD00CCAD72 /* Sources */,
				2D317C5120EB5ECD00CCAD72 /* Frameworks */,
				2D317C5220EB5ECD00CCAD72 /* Resources */,
			);
			buildRules = (
			);
			dependencies = (
				2D317C5620EB5ECD00CCAD72 /* PBXTargetDependency */,
			);
			name = d.fedorinovUITests;
			productName = d.fedorinovUITests;
			productReference = 2D317C5420EB5ECD00CCAD72 /* d.fedorinovUITests.xctest */;
			productType = "com.apple.product-type.bundle.ui-testing";
		};
/* End PBXNativeTarget section */

/* Begin PBXProject section */
		2D317C2D20EB5ECC00CCAD72 /* Project object */ = {
			isa = PBXProject;
			attributes = {
				LastSwiftUpdateCheck = 0940;
				LastUpgradeCheck = 0940;
				ORGANIZATIONNAME = "Дмитрий Федоринов";
				TargetAttributes = {
					2D317C3420EB5ECC00CCAD72 = {
						CreatedOnToolsVersion = 9.4.1;
					};
					2D317C4820EB5ECD00CCAD72 = {
						CreatedOnToolsVersion = 9.4.1;
						TestTargetID = 2D317C3420EB5ECC00CCAD72;
					};
					2D317C5320EB5ECD00CCAD72 = {
						CreatedOnToolsVersion = 9.4.1;
						TestTargetID = 2D317C3420EB5ECC00CCAD72;
					};
				};
			};
			buildConfigurationList = 2D317C3020EB5ECC00CCAD72 /* Build configuration list for PBXProject "d.fedorinov" */;
			compatibilityVersion = "Xcode 9.3";
			developmentRegion = en;
			hasScannedForEncodings = 0;
			knownRegions = (
				en,
				Base,
			);
			mainGroup = 2D317C2C20EB5ECC00CCAD72;
			productRefGroup = 2D317C3620EB5ECC00CCAD72 /* Products */;
			projectDirPath = "";
			projectRoot = "";
			targets = (
				2D317C3420EB5ECC00CCAD72 /* d.fedorinov */,
				2D317C4820EB5ECD00CCAD72 /* d.fedorinovTests */,
				2D317C5320EB5ECD00CCAD72 /* d.fedorinovUITests */,
			);
		};
/* End PBXProject section */

/* Begin PBXResourcesBuildPhase section */
		2D317C3320EB5ECC00CCAD72 /* Resources */ = {
			isa = PBXResourcesBuildPhase;
			buildActionMask = 2147483647;
			files = (
				2D317C4320EB5ECD00CCAD72 /* LaunchScreen.storyboard in Resources */,
				2D07D67720F50A2E00733B11 /* getGoodById.json in Resources */,
				2D07D66C20F504BD00733B11 /* registerUser.json in Resources */,
				2D6A7978210216390066E843 /* payOrder.json in Resources */,
				2D6A79742102160F0066E843 /* addGoodToBasket.json in Resources */,
				2D5089B420FE28CB00BF0234 /* addReview.json in Resources */,
				2D07D66E20F505BD00733B11 /* changeUserData.json in Resources */,
				2D48C7FB2106066F00A3D217 /* PersonalCab.storyboard in Resources */,
				2D07D66A20F5042000733B11 /* logout.json in Resources */,
				2D07D67520F508F900733B11 /* catalogData.json in Resources */,
				2D53B7B821104B9600C1D8EC /* Goods.storyboard in Resources */,
				2D6A79762102162A0066E843 /* deleteGoodFromBasket.json in Resources */,
				2D5089B220FE27FF00BF0234 /* listOfGoodsReview.json in Resources */,
				2DD9B3E8210A392600453A60 /* takeUserID.json in Resources */,
				2D53B7C82112EA3100C1D8EC /* Basket.storyboard in Resources */,
				2D317C4020EB5ECD00CCAD72 /* Assets.xcassets in Resources */,
				2D07D65920F4E85F00733B11 /* login.json in Resources */,
				2D5089B620FE28E600BF0234 /* deleteReview.json in Resources */,
			);
			runOnlyForDeploymentPostprocessing = 0;
		};
		2D317C4720EB5ECD00CCAD72 /* Resources */ = {
			isa = PBXResourcesBuildPhase;
			buildActionMask = 2147483647;
			files = (
			);
			runOnlyForDeploymentPostprocessing = 0;
		};
		2D317C5220EB5ECD00CCAD72 /* Resources */ = {
			isa = PBXResourcesBuildPhase;
			buildActionMask = 2147483647;
			files = (
			);
			runOnlyForDeploymentPostprocessing = 0;
		};
/* End PBXResourcesBuildPhase section */

/* Begin PBXShellScriptBuildPhase section */
		180C7922E272872A640C6D1A /* [CP] Check Pods Manifest.lock */ = {
			isa = PBXShellScriptBuildPhase;
			buildActionMask = 2147483647;
			files = (
			);
			inputPaths = (
				"${PODS_PODFILE_DIR_PATH}/Podfile.lock",
				"${PODS_ROOT}/Manifest.lock",
			);
			name = "[CP] Check Pods Manifest.lock";
			outputPaths = (
				"$(DERIVED_FILE_DIR)/Pods-d.fedorinovUITests-checkManifestLockResult.txt",
			);
			runOnlyForDeploymentPostprocessing = 0;
			shellPath = /bin/sh;
			shellScript = "diff \"${PODS_PODFILE_DIR_PATH}/Podfile.lock\" \"${PODS_ROOT}/Manifest.lock\" > /dev/null\nif [ $? != 0 ] ; then\n    # print error to STDERR\n    echo \"error: The sandbox is not in sync with the Podfile.lock. Run 'pod install' or update your CocoaPods installation.\" >&2\n    exit 1\nfi\n# This output is used by Xcode 'outputs' to avoid re-running this script phase.\necho \"SUCCESS\" > \"${SCRIPT_OUTPUT_FILE_0}\"\n";
			showEnvVarsInLog = 0;
		};
		2D50899B20FDF53F00BF0234 /* Fabric */ = {
			isa = PBXShellScriptBuildPhase;
			buildActionMask = 2147483647;
			files = (
			);
			inputPaths = (
			);
			name = Fabric;
			outputPaths = (
			);
			runOnlyForDeploymentPostprocessing = 0;
			shellPath = /bin/sh;
			shellScript = "\"${PODS_ROOT}/Fabric/run\" f2ae68ae22d6cdec5e5f9255bb586ab0084a7186 7e610e78c7b67cfb73a5d4f3b1891360b5088022e31b33e0b343b66b543c667c";
		};
		2ED2F82BDB4B6DD85202C272 /* [CP] Check Pods Manifest.lock */ = {
			isa = PBXShellScriptBuildPhase;
			buildActionMask = 2147483647;
			files = (
			);
			inputPaths = (
				"${PODS_PODFILE_DIR_PATH}/Podfile.lock",
				"${PODS_ROOT}/Manifest.lock",
			);
			name = "[CP] Check Pods Manifest.lock";
			outputPaths = (
				"$(DERIVED_FILE_DIR)/Pods-d.fedorinovTests-checkManifestLockResult.txt",
			);
			runOnlyForDeploymentPostprocessing = 0;
			shellPath = /bin/sh;
			shellScript = "diff \"${PODS_PODFILE_DIR_PATH}/Podfile.lock\" \"${PODS_ROOT}/Manifest.lock\" > /dev/null\nif [ $? != 0 ] ; then\n    # print error to STDERR\n    echo \"error: The sandbox is not in sync with the Podfile.lock. Run 'pod install' or update your CocoaPods installation.\" >&2\n    exit 1\nfi\n# This output is used by Xcode 'outputs' to avoid re-running this script phase.\necho \"SUCCESS\" > \"${SCRIPT_OUTPUT_FILE_0}\"\n";
			showEnvVarsInLog = 0;
		};
		9A6D4A79C559DA6F2F9D8CB4 /* [CP] Check Pods Manifest.lock */ = {
			isa = PBXShellScriptBuildPhase;
			buildActionMask = 2147483647;
			files = (
			);
			inputPaths = (
				"${PODS_PODFILE_DIR_PATH}/Podfile.lock",
				"${PODS_ROOT}/Manifest.lock",
			);
			name = "[CP] Check Pods Manifest.lock";
			outputPaths = (
				"$(DERIVED_FILE_DIR)/Pods-d.fedorinov-checkManifestLockResult.txt",
			);
			runOnlyForDeploymentPostprocessing = 0;
			shellPath = /bin/sh;
			shellScript = "diff \"${PODS_PODFILE_DIR_PATH}/Podfile.lock\" \"${PODS_ROOT}/Manifest.lock\" > /dev/null\nif [ $? != 0 ] ; then\n    # print error to STDERR\n    echo \"error: The sandbox is not in sync with the Podfile.lock. Run 'pod install' or update your CocoaPods installation.\" >&2\n    exit 1\nfi\n# This output is used by Xcode 'outputs' to avoid re-running this script phase.\necho \"SUCCESS\" > \"${SCRIPT_OUTPUT_FILE_0}\"\n";
			showEnvVarsInLog = 0;
		};
		ECEE7D4BF3B466F73B047C87 /* [CP] Embed Pods Frameworks */ = {
			isa = PBXShellScriptBuildPhase;
			buildActionMask = 2147483647;
			files = (
			);
			inputPaths = (
				"${SRCROOT}/Pods/Target Support Files/Pods-d.fedorinov/Pods-d.fedorinov-frameworks.sh",
				"${BUILT_PRODUCTS_DIR}/Alamofire/Alamofire.framework",
				"${BUILT_PRODUCTS_DIR}/OHHTTPStubs/OHHTTPStubs.framework",
			);
			name = "[CP] Embed Pods Frameworks";
			outputPaths = (
				"${TARGET_BUILD_DIR}/${FRAMEWORKS_FOLDER_PATH}/Alamofire.framework",
				"${TARGET_BUILD_DIR}/${FRAMEWORKS_FOLDER_PATH}/OHHTTPStubs.framework",
			);
			runOnlyForDeploymentPostprocessing = 0;
			shellPath = /bin/sh;
			shellScript = "\"${SRCROOT}/Pods/Target Support Files/Pods-d.fedorinov/Pods-d.fedorinov-frameworks.sh\"\n";
			showEnvVarsInLog = 0;
		};
/* End PBXShellScriptBuildPhase section */

/* Begin PBXSourcesBuildPhase section */
		2D317C3120EB5ECC00CCAD72 /* Sources */ = {
			isa = PBXSourcesBuildPhase;
			buildActionMask = 2147483647;
			files = (
				2D1F9DA720EE79EB00B26C9F /* AbstractRequestFactory.swift in Sources */,
				2D6A796C21020A320066E843 /* AddGoodToBasket.swift in Sources */,
				2D5089BA20FE297400BF0234 /* DeleteReview.swift in Sources */,
				2D5089B020FE26BD00BF0234 /* ResultOfGoodsReviews.swift in Sources */,
				2D317C3920EB5ECC00CCAD72 /* AppDelegate.swift in Sources */,
				2DD9B3E6210A373100453A60 /* TakeUserID.swift in Sources */,
				2D1F9DA920EE7E9A00B26C9F /* RequestRouter.swift in Sources */,
				2D48C80821065DC600A3D217 /* WelcomeViewController.swift in Sources */,
				2DEDA5FD20EEB10100F68678 /* ChangeUserData.swift in Sources */,
				2DEDA5FB20EEAAE600F68678 /* Registration.swift in Sources */,
				2D53B7BE2110747A00C1D8EC /* ReviewTableController.swift in Sources */,
				2D07D66820F5026200733B11 /* GoodByIdResult.swift in Sources */,
				2D53B7C621108F1D00C1D8EC /* ReviewsNetworkController.swift in Sources */,
				2D25FA7A20F3A40500CCE32C /* TakeCatalogDataOfGoods.swift in Sources */,
				2D5089B820FE295F00BF0234 /* AddReview.swift in Sources */,
				2D5089AE20FE117700BF0234 /* StaticAPIResult.swift in Sources */,
				2D1F9DA420EE73C900B26C9F /* ResponseCodable.swift in Sources */,
				2D51739A2114800900573D7C /* EdditingArray.swift in Sources */,
				2DD9B3DF210A16A700453A60 /* NetworkDelegateControllersFactory.swift in Sources */,
				2D1F9DB620EEA3CC00B26C9F /* Deauthorization.swift in Sources */,
				2D5D698E211935ED00070AE2 /* TrackAnalitics.swift in Sources */,
				2D6A797021020A570066E843 /* PayOrder.swift in Sources */,
				2D53B7CA2112EEDC00C1D8EC /* BasketNetworkController.swift in Sources */,
				2D48C8062106564000A3D217 /* UserdefaultsExtension.swift in Sources */,
				2D317C7320EE6F8600CCAD72 /* ErrorParser.swift in Sources */,
				2D1F9DB420EE974900B26C9F /* RequestFactory.swift in Sources */,
				2D25FA7820F3A39B00CCE32C /* TakeGoodById.swift in Sources */,
				2D6A796A210206550066E843 /* RequsetsToWorkWithBasket.swift in Sources */,
				2D07D65E20F5012F00733B11 /* LoginResult.swift in Sources */,
				2D53B7D32113103100C1D8EC /* LastCell.swift in Sources */,
				2D53B7C221107F2300C1D8EC /* ReviewTableViewCell.swift in Sources */,
				2DEDA60120EF4B0100F68678 /* RequestToPersonalAccount.swift in Sources */,
				2D53B7BC211065F800C1D8EC /* GoodCartViewController.swift in Sources */,
				2D48C800210613C600A3D217 /* LoginController.swift in Sources */,
				2D53B7D12113101600C1D8EC /* GoodInBasketCell.swift in Sources */,
				2D1F9DB220EE8A9300B26C9F /* Authorization.swift in Sources */,
				2DA446C0210A54E500C7EF0B /* GoodsNetworkController.swift in Sources */,
				2DD9B3DD2109FE1300453A60 /* PersonalCapDependenceFactory.swift in Sources */,
				2D5D69902119392E00070AE2 /* NSObjetExtension.swift in Sources */,
				2D53B7D721131EB000C1D8EC /* TakeBasket.swift in Sources */,
				2D317C7120EE6EA000CCAD72 /* AbstractErrorParser.swift in Sources */,
				2D53B7CF21130A0300C1D8EC /* BasketTableViewController.swift in Sources */,
				2D5089A020FDFEDA00BF0234 /* Review.swift in Sources */,
				2D50899E20FDFA1200BF0234 /* RequsetToProductReview.swift in Sources */,
				2DEDA60320EF54DA00F68678 /* ConstantsInProject.swift in Sources */,
				2DD9B3E2210A1C5400453A60 /* SupportingUIElementsFactory.swift in Sources */,
				2D48C80A210666FB00A3D217 /* RegistrationViewController.swift in Sources */,
				2D53B7CC2112F56B00C1D8EC /* ActiveUser.swift in Sources */,
				2DD9B3DB2109DB1900453A60 /* PersonalCabNetworkController.swift in Sources */,
				2DA446C4210A5C1E00C7EF0B /* ListOfGoodsViewCell.swift in Sources */,
				2D5089BC20FE298F00BF0234 /* TakeListOfGoodsReviews.swift in Sources */,
				2D48C80E21068DAD00A3D217 /* AlertFactory.swift in Sources */,
				2D25FA7C20F3A46300CCE32C /* Good.swift in Sources */,
				2D6A796E21020A450066E843 /* DeleteGoodFromBasket.swift in Sources */,
				2DEDA61220F39C5200F68678 /* RequestToWorkWithGoods.swift in Sources */,
				2D1F9DAB20EE854600B26C9F /* User.swift in Sources */,
				2DA446C2210A5AAC00C7EF0B /* ListOfGoodsTableViewController.swift in Sources */,
			);
			runOnlyForDeploymentPostprocessing = 0;
		};
		2D317C4520EB5ECD00CCAD72 /* Sources */ = {
			isa = PBXSourcesBuildPhase;
			buildActionMask = 2147483647;
			files = (
				2D6A797A210216720066E843 /* RequsetsToWorkWithBasketFactoryMock.swift in Sources */,
				2D25FA8020F4DD1900CCE32C /* RequestFactoryMock.swift in Sources */,
				2D07D65B20F4F37400733B11 /* StubConfig.swift in Sources */,
				2D317C4E20EB5ECD00CCAD72 /* d_fedorinovTests.swift in Sources */,
				2D25FA8520F4DF3000CCE32C /* RequestsToPersonalAccountFactoryMock.swift in Sources */,
				2D5089BE20FE2A3500BF0234 /* RequsetsToWorkWithProductReviewsFactoryMock.swift in Sources */,
				2D25FA7E20F4C94000CCE32C /* ResponseCodableTests.swift in Sources */,
				2D07D67020F5068800733B11 /* RequestsToWorkWithGoodsFactoryMock.swift in Sources */,
				2D25FA8220F4DD6D00CCE32C /* ErrorLogic.swift in Sources */,
			);
			runOnlyForDeploymentPostprocessing = 0;
		};
		2D317C5020EB5ECD00CCAD72 /* Sources */ = {
			isa = PBXSourcesBuildPhase;
			buildActionMask = 2147483647;
			files = (
				2D317C5920EB5ECD00CCAD72 /* d_fedorinovUITests.swift in Sources */,
			);
			runOnlyForDeploymentPostprocessing = 0;
		};
/* End PBXSourcesBuildPhase section */

/* Begin PBXTargetDependency section */
		2D317C4B20EB5ECD00CCAD72 /* PBXTargetDependency */ = {
			isa = PBXTargetDependency;
			target = 2D317C3420EB5ECC00CCAD72 /* d.fedorinov */;
			targetProxy = 2D317C4A20EB5ECD00CCAD72 /* PBXContainerItemProxy */;
		};
		2D317C5620EB5ECD00CCAD72 /* PBXTargetDependency */ = {
			isa = PBXTargetDependency;
			target = 2D317C3420EB5ECC00CCAD72 /* d.fedorinov */;
			targetProxy = 2D317C5520EB5ECD00CCAD72 /* PBXContainerItemProxy */;
		};
/* End PBXTargetDependency section */

/* Begin PBXVariantGroup section */
		2D317C4120EB5ECD00CCAD72 /* LaunchScreen.storyboard */ = {
			isa = PBXVariantGroup;
			children = (
				2D317C4220EB5ECD00CCAD72 /* Base */,
			);
			name = LaunchScreen.storyboard;
			sourceTree = "<group>";
		};
/* End PBXVariantGroup section */

/* Begin XCBuildConfiguration section */
		2D317C5B20EB5ECD00CCAD72 /* Debug */ = {
			isa = XCBuildConfiguration;
			buildSettings = {
				ALWAYS_SEARCH_USER_PATHS = NO;
				CLANG_ANALYZER_NONNULL = YES;
				CLANG_ANALYZER_NUMBER_OBJECT_CONVERSION = YES_AGGRESSIVE;
				CLANG_CXX_LANGUAGE_STANDARD = "gnu++14";
				CLANG_CXX_LIBRARY = "libc++";
				CLANG_ENABLE_MODULES = YES;
				CLANG_ENABLE_OBJC_ARC = YES;
				CLANG_ENABLE_OBJC_WEAK = YES;
				CLANG_WARN_BLOCK_CAPTURE_AUTORELEASING = YES;
				CLANG_WARN_BOOL_CONVERSION = YES;
				CLANG_WARN_COMMA = YES;
				CLANG_WARN_CONSTANT_CONVERSION = YES;
				CLANG_WARN_DEPRECATED_OBJC_IMPLEMENTATIONS = YES;
				CLANG_WARN_DIRECT_OBJC_ISA_USAGE = YES_ERROR;
				CLANG_WARN_DOCUMENTATION_COMMENTS = YES;
				CLANG_WARN_EMPTY_BODY = YES;
				CLANG_WARN_ENUM_CONVERSION = YES;
				CLANG_WARN_INFINITE_RECURSION = YES;
				CLANG_WARN_INT_CONVERSION = YES;
				CLANG_WARN_NON_LITERAL_NULL_CONVERSION = YES;
				CLANG_WARN_OBJC_IMPLICIT_RETAIN_SELF = YES;
				CLANG_WARN_OBJC_LITERAL_CONVERSION = YES;
				CLANG_WARN_OBJC_ROOT_CLASS = YES_ERROR;
				CLANG_WARN_RANGE_LOOP_ANALYSIS = YES;
				CLANG_WARN_STRICT_PROTOTYPES = YES;
				CLANG_WARN_SUSPICIOUS_MOVE = YES;
				CLANG_WARN_UNGUARDED_AVAILABILITY = YES_AGGRESSIVE;
				CLANG_WARN_UNREACHABLE_CODE = YES;
				CLANG_WARN__DUPLICATE_METHOD_MATCH = YES;
				CODE_SIGN_IDENTITY = "iPhone Developer";
				COPY_PHASE_STRIP = NO;
				DEBUG_INFORMATION_FORMAT = dwarf;
				ENABLE_STRICT_OBJC_MSGSEND = YES;
				ENABLE_TESTABILITY = YES;
				GCC_C_LANGUAGE_STANDARD = gnu11;
				GCC_DYNAMIC_NO_PIC = NO;
				GCC_NO_COMMON_BLOCKS = YES;
				GCC_OPTIMIZATION_LEVEL = 0;
				GCC_PREPROCESSOR_DEFINITIONS = (
					"DEBUG=1",
					"$(inherited)",
				);
				GCC_WARN_64_TO_32_BIT_CONVERSION = YES;
				GCC_WARN_ABOUT_RETURN_TYPE = YES_ERROR;
				GCC_WARN_UNDECLARED_SELECTOR = YES;
				GCC_WARN_UNINITIALIZED_AUTOS = YES_AGGRESSIVE;
				GCC_WARN_UNUSED_FUNCTION = YES;
				GCC_WARN_UNUSED_VARIABLE = YES;
				IPHONEOS_DEPLOYMENT_TARGET = 11.4;
				MTL_ENABLE_DEBUG_INFO = YES;
				ONLY_ACTIVE_ARCH = YES;
				SDKROOT = iphoneos;
				SWIFT_ACTIVE_COMPILATION_CONDITIONS = DEBUG;
				SWIFT_OPTIMIZATION_LEVEL = "-Onone";
			};
			name = Debug;
		};
		2D317C5C20EB5ECD00CCAD72 /* Release */ = {
			isa = XCBuildConfiguration;
			buildSettings = {
				ALWAYS_SEARCH_USER_PATHS = NO;
				CLANG_ANALYZER_NONNULL = YES;
				CLANG_ANALYZER_NUMBER_OBJECT_CONVERSION = YES_AGGRESSIVE;
				CLANG_CXX_LANGUAGE_STANDARD = "gnu++14";
				CLANG_CXX_LIBRARY = "libc++";
				CLANG_ENABLE_MODULES = YES;
				CLANG_ENABLE_OBJC_ARC = YES;
				CLANG_ENABLE_OBJC_WEAK = YES;
				CLANG_WARN_BLOCK_CAPTURE_AUTORELEASING = YES;
				CLANG_WARN_BOOL_CONVERSION = YES;
				CLANG_WARN_COMMA = YES;
				CLANG_WARN_CONSTANT_CONVERSION = YES;
				CLANG_WARN_DEPRECATED_OBJC_IMPLEMENTATIONS = YES;
				CLANG_WARN_DIRECT_OBJC_ISA_USAGE = YES_ERROR;
				CLANG_WARN_DOCUMENTATION_COMMENTS = YES;
				CLANG_WARN_EMPTY_BODY = YES;
				CLANG_WARN_ENUM_CONVERSION = YES;
				CLANG_WARN_INFINITE_RECURSION = YES;
				CLANG_WARN_INT_CONVERSION = YES;
				CLANG_WARN_NON_LITERAL_NULL_CONVERSION = YES;
				CLANG_WARN_OBJC_IMPLICIT_RETAIN_SELF = YES;
				CLANG_WARN_OBJC_LITERAL_CONVERSION = YES;
				CLANG_WARN_OBJC_ROOT_CLASS = YES_ERROR;
				CLANG_WARN_RANGE_LOOP_ANALYSIS = YES;
				CLANG_WARN_STRICT_PROTOTYPES = YES;
				CLANG_WARN_SUSPICIOUS_MOVE = YES;
				CLANG_WARN_UNGUARDED_AVAILABILITY = YES_AGGRESSIVE;
				CLANG_WARN_UNREACHABLE_CODE = YES;
				CLANG_WARN__DUPLICATE_METHOD_MATCH = YES;
				CODE_SIGN_IDENTITY = "iPhone Developer";
				COPY_PHASE_STRIP = NO;
				DEBUG_INFORMATION_FORMAT = "dwarf-with-dsym";
				ENABLE_NS_ASSERTIONS = NO;
				ENABLE_STRICT_OBJC_MSGSEND = YES;
				GCC_C_LANGUAGE_STANDARD = gnu11;
				GCC_NO_COMMON_BLOCKS = YES;
				GCC_WARN_64_TO_32_BIT_CONVERSION = YES;
				GCC_WARN_ABOUT_RETURN_TYPE = YES_ERROR;
				GCC_WARN_UNDECLARED_SELECTOR = YES;
				GCC_WARN_UNINITIALIZED_AUTOS = YES_AGGRESSIVE;
				GCC_WARN_UNUSED_FUNCTION = YES;
				GCC_WARN_UNUSED_VARIABLE = YES;
				IPHONEOS_DEPLOYMENT_TARGET = 11.4;
				MTL_ENABLE_DEBUG_INFO = NO;
				SDKROOT = iphoneos;
				SWIFT_COMPILATION_MODE = wholemodule;
				SWIFT_OPTIMIZATION_LEVEL = "-O";
				VALIDATE_PRODUCT = YES;
			};
			name = Release;
		};
		2D317C5E20EB5ECD00CCAD72 /* Debug */ = {
			isa = XCBuildConfiguration;
			baseConfigurationReference = 69059A82BCE417050E055717 /* Pods-d.fedorinov.debug.xcconfig */;
			buildSettings = {
				ASSETCATALOG_COMPILER_APPICON_NAME = AppIcon;
				CODE_SIGN_STYLE = Automatic;
				DEVELOPMENT_TEAM = 6FJHRWT7C3;
				INFOPLIST_FILE = d.fedorinov/Environments/Info.plist;
				LD_RUNPATH_SEARCH_PATHS = (
					"$(inherited)",
					"@executable_path/Frameworks",
				);
				OTHER_SWIFT_FLAGS = "$(inherited) \"-D\" \"COCOAPODS\" -DDEBUG";
				PRODUCT_BUNDLE_IDENTIFIER = "GeekBrains.d-fedorinov";
				PRODUCT_NAME = "$(TARGET_NAME)";
				SWIFT_VERSION = 4.0;
				TARGETED_DEVICE_FAMILY = "1,2";
			};
			name = Debug;
		};
		2D317C5F20EB5ECD00CCAD72 /* Release */ = {
			isa = XCBuildConfiguration;
			baseConfigurationReference = B947E09C10A8D4347AD57E5A /* Pods-d.fedorinov.release.xcconfig */;
			buildSettings = {
				ASSETCATALOG_COMPILER_APPICON_NAME = AppIcon;
				CODE_SIGN_STYLE = Automatic;
				DEVELOPMENT_TEAM = 6FJHRWT7C3;
				INFOPLIST_FILE = d.fedorinov/Environments/Info.plist;
				LD_RUNPATH_SEARCH_PATHS = (
					"$(inherited)",
					"@executable_path/Frameworks",
				);
				OTHER_SWIFT_FLAGS = "$(inherited) \"-D\" \"COCOAPODS\" -DRELEASE";
				PRODUCT_BUNDLE_IDENTIFIER = "GeekBrains.d-fedorinov";
				PRODUCT_NAME = "$(TARGET_NAME)";
				SWIFT_VERSION = 4.0;
				TARGETED_DEVICE_FAMILY = "1,2";
			};
			name = Release;
		};
		2D317C6120EB5ECD00CCAD72 /* Debug */ = {
			isa = XCBuildConfiguration;
			baseConfigurationReference = 53287E5706ABBCD5280ADABC /* Pods-d.fedorinovTests.debug.xcconfig */;
			buildSettings = {
				ALWAYS_EMBED_SWIFT_STANDARD_LIBRARIES = YES;
				BUNDLE_LOADER = "$(TEST_HOST)";
				CODE_SIGN_STYLE = Automatic;
				DEVELOPMENT_TEAM = 6FJHRWT7C3;
				INFOPLIST_FILE = d.fedorinovTests/Info.plist;
				LD_RUNPATH_SEARCH_PATHS = (
					"$(inherited)",
					"@executable_path/Frameworks",
					"@loader_path/Frameworks",
				);
				PRODUCT_BUNDLE_IDENTIFIER = "GeekBrains.d-fedorinovTests";
				PRODUCT_NAME = "$(TARGET_NAME)";
				SWIFT_VERSION = 4.0;
				TARGETED_DEVICE_FAMILY = "1,2";
				TEST_HOST = "$(BUILT_PRODUCTS_DIR)/d.fedorinov.app/d.fedorinov";
			};
			name = Debug;
		};
		2D317C6220EB5ECD00CCAD72 /* Release */ = {
			isa = XCBuildConfiguration;
			baseConfigurationReference = C1BE598A5351008F38331BE0 /* Pods-d.fedorinovTests.release.xcconfig */;
			buildSettings = {
				ALWAYS_EMBED_SWIFT_STANDARD_LIBRARIES = YES;
				BUNDLE_LOADER = "$(TEST_HOST)";
				CODE_SIGN_STYLE = Automatic;
				DEVELOPMENT_TEAM = 6FJHRWT7C3;
				INFOPLIST_FILE = d.fedorinovTests/Info.plist;
				LD_RUNPATH_SEARCH_PATHS = (
					"$(inherited)",
					"@executable_path/Frameworks",
					"@loader_path/Frameworks",
				);
				PRODUCT_BUNDLE_IDENTIFIER = "GeekBrains.d-fedorinovTests";
				PRODUCT_NAME = "$(TARGET_NAME)";
				SWIFT_VERSION = 4.0;
				TARGETED_DEVICE_FAMILY = "1,2";
				TEST_HOST = "$(BUILT_PRODUCTS_DIR)/d.fedorinov.app/d.fedorinov";
			};
			name = Release;
		};
		2D317C6420EB5ECD00CCAD72 /* Debug */ = {
			isa = XCBuildConfiguration;
			baseConfigurationReference = 0FCF7C7BC4D9D74A63378EEB /* Pods-d.fedorinovUITests.debug.xcconfig */;
			buildSettings = {
				ALWAYS_EMBED_SWIFT_STANDARD_LIBRARIES = YES;
				CODE_SIGN_STYLE = Automatic;
				DEVELOPMENT_TEAM = 6FJHRWT7C3;
				INFOPLIST_FILE = d.fedorinovUITests/Info.plist;
				LD_RUNPATH_SEARCH_PATHS = (
					"$(inherited)",
					"@executable_path/Frameworks",
					"@loader_path/Frameworks",
				);
				PRODUCT_BUNDLE_IDENTIFIER = "GeekBrains.d-fedorinovUITests";
				PRODUCT_NAME = "$(TARGET_NAME)";
				SWIFT_VERSION = 4.0;
				TARGETED_DEVICE_FAMILY = "1,2";
				TEST_TARGET_NAME = d.fedorinov;
			};
			name = Debug;
		};
		2D317C6520EB5ECD00CCAD72 /* Release */ = {
			isa = XCBuildConfiguration;
			baseConfigurationReference = EC1A5CE809C4A23EE01CAFD9 /* Pods-d.fedorinovUITests.release.xcconfig */;
			buildSettings = {
				ALWAYS_EMBED_SWIFT_STANDARD_LIBRARIES = YES;
				CODE_SIGN_STYLE = Automatic;
				DEVELOPMENT_TEAM = 6FJHRWT7C3;
				INFOPLIST_FILE = d.fedorinovUITests/Info.plist;
				LD_RUNPATH_SEARCH_PATHS = (
					"$(inherited)",
					"@executable_path/Frameworks",
					"@loader_path/Frameworks",
				);
				PRODUCT_BUNDLE_IDENTIFIER = "GeekBrains.d-fedorinovUITests";
				PRODUCT_NAME = "$(TARGET_NAME)";
				SWIFT_VERSION = 4.0;
				TARGETED_DEVICE_FAMILY = "1,2";
				TEST_TARGET_NAME = d.fedorinov;
			};
			name = Release;
		};
/* End XCBuildConfiguration section */

/* Begin XCConfigurationList section */
		2D317C3020EB5ECC00CCAD72 /* Build configuration list for PBXProject "d.fedorinov" */ = {
			isa = XCConfigurationList;
			buildConfigurations = (
				2D317C5B20EB5ECD00CCAD72 /* Debug */,
				2D317C5C20EB5ECD00CCAD72 /* Release */,
			);
			defaultConfigurationIsVisible = 0;
			defaultConfigurationName = Release;
		};
		2D317C5D20EB5ECD00CCAD72 /* Build configuration list for PBXNativeTarget "d.fedorinov" */ = {
			isa = XCConfigurationList;
			buildConfigurations = (
				2D317C5E20EB5ECD00CCAD72 /* Debug */,
				2D317C5F20EB5ECD00CCAD72 /* Release */,
			);
			defaultConfigurationIsVisible = 0;
			defaultConfigurationName = Release;
		};
		2D317C6020EB5ECD00CCAD72 /* Build configuration list for PBXNativeTarget "d.fedorinovTests" */ = {
			isa = XCConfigurationList;
			buildConfigurations = (
				2D317C6120EB5ECD00CCAD72 /* Debug */,
				2D317C6220EB5ECD00CCAD72 /* Release */,
			);
			defaultConfigurationIsVisible = 0;
			defaultConfigurationName = Release;
		};
		2D317C6320EB5ECD00CCAD72 /* Build configuration list for PBXNativeTarget "d.fedorinovUITests" */ = {
			isa = XCConfigurationList;
			buildConfigurations = (
				2D317C6420EB5ECD00CCAD72 /* Debug */,
				2D317C6520EB5ECD00CCAD72 /* Release */,
			);
			defaultConfigurationIsVisible = 0;
			defaultConfigurationName = Release;
		};
/* End XCConfigurationList section */
	};
	rootObject = 2D317C2D20EB5ECC00CCAD72 /* Project object */;
}
